
Microsoft Visual Studio Solution File, Format Version 12.00
# Visual Studio Version 16
VisualStudioVersion = 16.0.30523.141
MinimumVisualStudioVersion = 10.0.40219.1
Project("{FAE04EC0-301F-11D3-BF4B-00C04F79EFBC}") = "CommandAPI", "CommandAPI.csproj", "{D5694A24-F9A0-4495-B625-8D70743D7D83}"
EndProject
Global
	GlobalSection(SolutionConfigurationPlatforms) = preSolution
		Debug|Any CPU = Debug|Any CPU
		Release|Any CPU = Release|Any CPU
	EndGlobalSection
	GlobalSection(ProjectConfigurationPlatforms) = postSolution
		{D5694A24-F9A0-4495-B625-8D70743D7D83}.Debug|Any CPU.ActiveCfg = Debug|Any CPU
		{D5694A24-F9A0-4495-B625-8D70743D7D83}.Debug|Any CPU.Build.0 = Debug|Any CPU
		{D5694A24-F9A0-4495-B625-8D70743D7D83}.Release|Any CPU.ActiveCfg = Release|Any CPU
		{D5694A24-F9A0-4495-B625-8D70743D7D83}.Release|Any CPU.Build.0 = Release|Any CPU
	EndGlobalSection
	GlobalSection(SolutionProperties) = preSolution
		HideSolutionNode = FALSE
	EndGlobalSection
	GlobalSection(ExtensibilityGlobals) = postSolution
		SolutionGuid = {E5892286-88B0-482A-B4B1-C877EF87C707}
	EndGlobalSection
EndGlobal
